
Microsoft Visual Studio Solution File, Format Version 12.00
# Visual Studio Version 17
VisualStudioVersion = 17.4.33213.308
MinimumVisualStudioVersion = 10.0.40219.1
Project("{FAE04EC0-301F-11D3-BF4B-00C04F79EFBC}") = "COMP003A.Assignment2", "COMP003A.Assignment2\COMP003A.Assignment2.csproj", "{3F803ECC-C355-4ABE-AD40-267A70066426}"
EndProject
Global
	GlobalSection(SolutionConfigurationPlatforms) = preSolution
		Debug|Any CPU = Debug|Any CPU
		Release|Any CPU = Release|Any CPU
	EndGlobalSection
	GlobalSection(ProjectConfigurationPlatforms) = postSolution
		{3F803ECC-C355-4ABE-AD40-267A70066426}.Debug|Any CPU.ActiveCfg = Debug|Any CPU
		{3F803ECC-C355-4ABE-AD40-267A70066426}.Debug|Any CPU.Build.0 = Debug|Any CPU
		{3F803ECC-C355-4ABE-AD40-267A70066426}.Release|Any CPU.ActiveCfg = Release|Any CPU
		{3F803ECC-C355-4ABE-AD40-267A70066426}.Release|Any CPU.Build.0 = Release|Any CPU
	EndGlobalSection
	GlobalSection(SolutionProperties) = preSolution
		HideSolutionNode = FALSE
	EndGlobalSection
	GlobalSection(ExtensibilityGlobals) = postSolution
		SolutionGuid = {47AAD92C-E762-4E34-960C-3BBF3F3CF1FB}
	EndGlobalSection
EndGlobal
